/news/news-of-interest/broadway-show-in-prison.jpeg:
  lock:
    user: grR1e0S2
    time: 1718287922
/news/news-of-interest/university-of-utah.jpg:
  lock:
    user: grR1e0S2
    time: 1718289299
/news/news-of-interest/trucking-industry.jpg:
  lock:
    user: grR1e0S2
    time: 1718288803
/news/news-of-interest/prison-program-graduation-2024.jpg:
  lock:
    user: grR1e0S2
    time: 1718289311
/news/news-of-interest/the-prison-mirror.jpg:
  lock:
    user: grR1e0S2
    time: 1718379307
